{
  "name": "task-node",
  "version": "1.0.0",
  "lockfileVersion": 1,
  "requires": true,
  "dependencies": {
    "@vg90sp/task-browser-node": {
      "version": "1.0.0",
      "resolved": "https://npm.pkg.github.com/download/@vg90sp/task-browser-node/1.0.0/c768e5a5ff07d29d28597542ae84b7c08fde7bd19ed39a5c8c7f506a437b3c9f",
      "integrity": "sha512-OucnOaurS9kE0yW1KD5qP4bLpJn6ceE4dyu5H6OtNwgz8UAD2rGGQrAPZRqSbmmRr3SjEAIJ2qDw40TA79kNgg=="
    }
  }
}
